
Microsoft Visual Studio Solution File, Format Version 12.00
# Visual Studio Version 17
VisualStudioVersion = 17.5.33414.496
MinimumVisualStudioVersion = 10.0.40219.1
Project("{FAE04EC0-301F-11D3-BF4B-00C04F79EFBC}") = "MOD9_1302213073", "MOD9_1302213073\MOD9_1302213073.csproj", "{FAC4665B-B85E-4EAC-BD87-E62CC81E41D2}"
EndProject
Global
	GlobalSection(SolutionConfigurationPlatforms) = preSolution
		Debug|Any CPU = Debug|Any CPU
		Release|Any CPU = Release|Any CPU
	EndGlobalSection
	GlobalSection(ProjectConfigurationPlatforms) = postSolution
		{FAC4665B-B85E-4EAC-BD87-E62CC81E41D2}.Debug|Any CPU.ActiveCfg = Debug|Any CPU
		{FAC4665B-B85E-4EAC-BD87-E62CC81E41D2}.Debug|Any CPU.Build.0 = Debug|Any CPU
		{FAC4665B-B85E-4EAC-BD87-E62CC81E41D2}.Release|Any CPU.ActiveCfg = Release|Any CPU
		{FAC4665B-B85E-4EAC-BD87-E62CC81E41D2}.Release|Any CPU.Build.0 = Release|Any CPU
	EndGlobalSection
	GlobalSection(SolutionProperties) = preSolution
		HideSolutionNode = FALSE
	EndGlobalSection
	GlobalSection(ExtensibilityGlobals) = postSolution
		SolutionGuid = {D66AA291-5B0F-4C48-AC71-78993CCB94E8}
	EndGlobalSection
EndGlobal
